// !$*UTF8*$!
{
	archiveVersion = 1;
	classes = {
	};
	objectVersion = 46;
	objects = {

/* Begin PBXBuildFile section */
		3B2CD5DE1AF78C87001E446B /* settings.plist in Resources */ = {isa = PBXBuildFile; fileRef = 3B2CD5DD1AF78C87001E446B /* settings.plist */; };
		3BEB89B41AF7A6130057FE64 /* NotificationCenter.framework in Frameworks */ = {isa = PBXBuildFile; fileRef = 6864514F1A1A3C96007F5DD1 /* NotificationCenter.framework */; };
		3BEB89B91AF7A6130057FE64 /* TodayViewController.swift in Sources */ = {isa = PBXBuildFile; fileRef = 3BEB89B81AF7A6130057FE64 /* TodayViewController.swift */; };
		3BEB89BB1AF7A6130057FE64 /* MainInterface.storyboard in Resources */ = {isa = PBXBuildFile; fileRef = 3BEB89BA1AF7A6130057FE64 /* MainInterface.storyboard */; };
		3BEB89BE1AF7A6130057FE64 /* DoorbellExt.appex in Embed App Extensions */ = {isa = PBXBuildFile; fileRef = 3BEB89B31AF7A6130057FE64 /* DoorbellExt.appex */; settings = {ATTRIBUTES = (RemoveHeadersOnCopy, ); }; };
		3BEB89C21AF7A6830057FE64 /* DoorbellRequest.swift in Sources */ = {isa = PBXBuildFile; fileRef = 686451891A1A4CAE007F5DD1 /* DoorbellRequest.swift */; };
		3BEB89CC1AF7A8790057FE64 /* InterfaceController.swift in Sources */ = {isa = PBXBuildFile; fileRef = 3BEB89CB1AF7A8790057FE64 /* InterfaceController.swift */; };
		3BEB89CE1AF7A8790057FE64 /* GlanceController.swift in Sources */ = {isa = PBXBuildFile; fileRef = 3BEB89CD1AF7A8790057FE64 /* GlanceController.swift */; };
		3BEB89D01AF7A8790057FE64 /* Images.xcassets in Resources */ = {isa = PBXBuildFile; fileRef = 3BEB89CF1AF7A8790057FE64 /* Images.xcassets */; };
		3BEB89D41AF7A8790057FE64 /* Doorbell WatchKit App.app in Resources */ = {isa = PBXBuildFile; fileRef = 3BEB89D31AF7A8790057FE64 /* Doorbell WatchKit App.app */; };
		3BEB89DC1AF7A8790057FE64 /* Interface.storyboard in Resources */ = {isa = PBXBuildFile; fileRef = 3BEB89DA1AF7A8790057FE64 /* Interface.storyboard */; };
		3BEB89DE1AF7A87A0057FE64 /* Images.xcassets in Resources */ = {isa = PBXBuildFile; fileRef = 3BEB89DD1AF7A87A0057FE64 /* Images.xcassets */; };
		3BEB89E11AF7A87A0057FE64 /* Doorbell WatchKit Extension.appex in Embed App Extensions */ = {isa = PBXBuildFile; fileRef = 3BEB89C71AF7A8790057FE64 /* Doorbell WatchKit Extension.appex */; settings = {ATTRIBUTES = (RemoveHeadersOnCopy, ); }; };
		3BEB89EA1AF7BB540057FE64 /* DoorbellRequest.swift in Sources */ = {isa = PBXBuildFile; fileRef = 686451891A1A4CAE007F5DD1 /* DoorbellRequest.swift */; };
		684D63F71A1E3EEC00EC0170 /* open-active.png in Resources */ = {isa = PBXBuildFile; fileRef = 684D63F31A1E3EEC00EC0170 /* open-active.png */; };
		684D63F81A1E3EEC00EC0170 /* open-active@2x.png in Resources */ = {isa = PBXBuildFile; fileRef = 684D63F41A1E3EEC00EC0170 /* open-active@2x.png */; };
		684D63F91A1E3EEC00EC0170 /* open.png in Resources */ = {isa = PBXBuildFile; fileRef = 684D63F51A1E3EEC00EC0170 /* open.png */; };
		684D63FA1A1E3EEC00EC0170 /* open@2x.png in Resources */ = {isa = PBXBuildFile; fileRef = 684D63F61A1E3EEC00EC0170 /* open@2x.png */; };
		684D63FD1A1E424B00EC0170 /* splash.png in Resources */ = {isa = PBXBuildFile; fileRef = 684D63FB1A1E424B00EC0170 /* splash.png */; };
		684D63FE1A1E424B00EC0170 /* splash@2x.png in Resources */ = {isa = PBXBuildFile; fileRef = 684D63FC1A1E424B00EC0170 /* splash@2x.png */; };
		684D64021A1E42D100EC0170 /* icon.png in Resources */ = {isa = PBXBuildFile; fileRef = 684D63FF1A1E42D100EC0170 /* icon.png */; };
		684D64031A1E42D100EC0170 /* icon@2x.png in Resources */ = {isa = PBXBuildFile; fileRef = 684D64001A1E42D100EC0170 /* icon@2x.png */; };
		684D64041A1E42D200EC0170 /* icon@3x.png in Resources */ = {isa = PBXBuildFile; fileRef = 684D64011A1E42D100EC0170 /* icon@3x.png */; };
		6864512A1A1A3B9B007F5DD1 /* AppDelegate.swift in Sources */ = {isa = PBXBuildFile; fileRef = 686451291A1A3B9B007F5DD1 /* AppDelegate.swift */; };
		6864512C1A1A3B9B007F5DD1 /* ViewController.swift in Sources */ = {isa = PBXBuildFile; fileRef = 6864512B1A1A3B9B007F5DD1 /* ViewController.swift */; };
		6864512F1A1A3B9B007F5DD1 /* Main.storyboard in Resources */ = {isa = PBXBuildFile; fileRef = 6864512D1A1A3B9B007F5DD1 /* Main.storyboard */; };
		686451311A1A3B9B007F5DD1 /* Images.xcassets in Resources */ = {isa = PBXBuildFile; fileRef = 686451301A1A3B9B007F5DD1 /* Images.xcassets */; };
		686451341A1A3B9B007F5DD1 /* LaunchScreen.xib in Resources */ = {isa = PBXBuildFile; fileRef = 686451321A1A3B9B007F5DD1 /* LaunchScreen.xib */; };
		686451401A1A3B9B007F5DD1 /* DoorbellTests.swift in Sources */ = {isa = PBXBuildFile; fileRef = 6864513F1A1A3B9B007F5DD1 /* DoorbellTests.swift */; };
		6864518C1A1A4CAE007F5DD1 /* DoorbellRequest.swift in Sources */ = {isa = PBXBuildFile; fileRef = 686451891A1A4CAE007F5DD1 /* DoorbellRequest.swift */; };
		6899053C1A1E305A00133BC6 /* background.jpg in Resources */ = {isa = PBXBuildFile; fileRef = 6899053B1A1E305A00133BC6 /* background.jpg */; };
		68ED0F401A1D0CCC00246A9E /* Alamofire.framework in Copy Frameworks */ = {isa = PBXBuildFile; fileRef = 68ED0F3A1A1D0C9100246A9E /* Alamofire.framework */; settings = {ATTRIBUTES = (CodeSignOnCopy, RemoveHeadersOnCopy, ); }; };
/* End PBXBuildFile section */

/* Begin PBXContainerItemProxy section */
		3B2CD5E21AF78C88001E446B /* PBXContainerItemProxy */ = {
			isa = PBXContainerItemProxy;
			containerPortal = 68ED0F341A1D0C9000246A9E /* Alamofire.xcodeproj */;
			proxyType = 2;
			remoteGlobalIDString = 4DD67C0B1A5C55C900ED2280;
			remoteInfo = "Alamofire OSX";
		};
		3B2CD5E41AF78C88001E446B /* PBXContainerItemProxy */ = {
			isa = PBXContainerItemProxy;
			containerPortal = 68ED0F341A1D0C9000246A9E /* Alamofire.xcodeproj */;
			proxyType = 2;
			remoteGlobalIDString = F829C6B21A7A94F100A2CD59;
			remoteInfo = "Alamofire OSX Tests";
		};
		3BEB89BC1AF7A6130057FE64 /* PBXContainerItemProxy */ = {
			isa = PBXContainerItemProxy;
			containerPortal = 6864511C1A1A3B9B007F5DD1 /* Project object */;
			proxyType = 1;
			remoteGlobalIDString = 3BEB89B21AF7A6130057FE64;
			remoteInfo = DoorbellExt;
		};
		3BEB89D51AF7A8790057FE64 /* PBXContainerItemProxy */ = {
			isa = PBXContainerItemProxy;
			containerPortal = 6864511C1A1A3B9B007F5DD1 /* Project object */;
			proxyType = 1;
			remoteGlobalIDString = 3BEB89D21AF7A8790057FE64;
			remoteInfo = "Doorbell WatchKit App";
		};
		3BEB89DF1AF7A87A0057FE64 /* PBXContainerItemProxy */ = {
			isa = PBXContainerItemProxy;
			containerPortal = 6864511C1A1A3B9B007F5DD1 /* Project object */;
			proxyType = 1;
			remoteGlobalIDString = 3BEB89C61AF7A8790057FE64;
			remoteInfo = "Doorbell WatchKit Extension";
		};
		6864513A1A1A3B9B007F5DD1 /* PBXContainerItemProxy */ = {
			isa = PBXContainerItemProxy;
			containerPortal = 6864511C1A1A3B9B007F5DD1 /* Project object */;
			proxyType = 1;
			remoteGlobalIDString = 686451231A1A3B9B007F5DD1;
			remoteInfo = Doorbell;
		};
		68ED0F391A1D0C9100246A9E /* PBXContainerItemProxy */ = {
			isa = PBXContainerItemProxy;
			containerPortal = 68ED0F341A1D0C9000246A9E /* Alamofire.xcodeproj */;
			proxyType = 2;
			remoteGlobalIDString = F8111E3319A95C8B0040E7D1;
			remoteInfo = Alamofire;
		};
		68ED0F3B1A1D0C9100246A9E /* PBXContainerItemProxy */ = {
			isa = PBXContainerItemProxy;
			containerPortal = 68ED0F341A1D0C9000246A9E /* Alamofire.xcodeproj */;
			proxyType = 2;
			remoteGlobalIDString = F8111E3E19A95C8B0040E7D1;
			remoteInfo = AlamofireTests;
		};
		68ED0F3D1A1D0C9800246A9E /* PBXContainerItemProxy */ = {
			isa = PBXContainerItemProxy;
			containerPortal = 68ED0F341A1D0C9000246A9E /* Alamofire.xcodeproj */;
			proxyType = 1;
			remoteGlobalIDString = F8111E3219A95C8B0040E7D1;
			remoteInfo = Alamofire;
		};
/* End PBXContainerItemProxy section */

/* Begin PBXCopyFilesBuildPhase section */
		6864515E1A1A3C97007F5DD1 /* Embed App Extensions */ = {
			isa = PBXCopyFilesBuildPhase;
			buildActionMask = 2147483647;
			dstPath = "";
			dstSubfolderSpec = 13;
			files = (
				3BEB89E11AF7A87A0057FE64 /* Doorbell WatchKit Extension.appex in Embed App Extensions */,
				3BEB89BE1AF7A6130057FE64 /* DoorbellExt.appex in Embed App Extensions */,
			);
			name = "Embed App Extensions";
			runOnlyForDeploymentPostprocessing = 0;
		};
		68ED0F3F1A1D0CBD00246A9E /* Copy Frameworks */ = {
			isa = PBXCopyFilesBuildPhase;
			buildActionMask = 2147483647;
			dstPath = "";
			dstSubfolderSpec = 10;
			files = (
				68ED0F401A1D0CCC00246A9E /* Alamofire.framework in Copy Frameworks */,
			);
			name = "Copy Frameworks";
			runOnlyForDeploymentPostprocessing = 0;
		};
/* End PBXCopyFilesBuildPhase section */

/* Begin PBXFileReference section */
		3B2CD5DD1AF78C87001E446B /* settings.plist */ = {isa = PBXFileReference; fileEncoding = 4; lastKnownFileType = text.plist.xml; path = settings.plist; sourceTree = "<group>"; };
		3BEB89B31AF7A6130057FE64 /* DoorbellExt.appex */ = {isa = PBXFileReference; explicitFileType = "wrapper.app-extension"; includeInIndex = 0; path = DoorbellExt.appex; sourceTree = BUILT_PRODUCTS_DIR; };
		3BEB89B71AF7A6130057FE64 /* Info.plist */ = {isa = PBXFileReference; lastKnownFileType = text.plist.xml; path = Info.plist; sourceTree = "<group>"; };
		3BEB89B81AF7A6130057FE64 /* TodayViewController.swift */ = {isa = PBXFileReference; lastKnownFileType = sourcecode.swift; path = TodayViewController.swift; sourceTree = "<group>"; };
		3BEB89BA1AF7A6130057FE64 /* MainInterface.storyboard */ = {isa = PBXFileReference; lastKnownFileType = file.storyboard; path = MainInterface.storyboard; sourceTree = "<group>"; };
		3BEB89C71AF7A8790057FE64 /* Doorbell WatchKit Extension.appex */ = {isa = PBXFileReference; explicitFileType = "wrapper.app-extension"; includeInIndex = 0; path = "Doorbell WatchKit Extension.appex"; sourceTree = BUILT_PRODUCTS_DIR; };
		3BEB89CA1AF7A8790057FE64 /* Info.plist */ = {isa = PBXFileReference; lastKnownFileType = text.plist.xml; path = Info.plist; sourceTree = "<group>"; };
		3BEB89CB1AF7A8790057FE64 /* InterfaceController.swift */ = {isa = PBXFileReference; lastKnownFileType = sourcecode.swift; path = InterfaceController.swift; sourceTree = "<group>"; };
		3BEB89CD1AF7A8790057FE64 /* GlanceController.swift */ = {isa = PBXFileReference; lastKnownFileType = sourcecode.swift; path = GlanceController.swift; sourceTree = "<group>"; };
		3BEB89CF1AF7A8790057FE64 /* Images.xcassets */ = {isa = PBXFileReference; lastKnownFileType = folder.assetcatalog; path = Images.xcassets; sourceTree = "<group>"; };
		3BEB89D31AF7A8790057FE64 /* Doorbell WatchKit App.app */ = {isa = PBXFileReference; explicitFileType = wrapper.application; includeInIndex = 0; path = "Doorbell WatchKit App.app"; sourceTree = BUILT_PRODUCTS_DIR; };
		3BEB89D91AF7A8790057FE64 /* Info.plist */ = {isa = PBXFileReference; lastKnownFileType = text.plist.xml; path = Info.plist; sourceTree = "<group>"; };
		3BEB89DB1AF7A8790057FE64 /* Base */ = {isa = PBXFileReference; lastKnownFileType = file.storyboard; name = Base; path = Base.lproj/Interface.storyboard; sourceTree = "<group>"; };
		3BEB89DD1AF7A87A0057FE64 /* Images.xcassets */ = {isa = PBXFileReference; lastKnownFileType = folder.assetcatalog; path = Images.xcassets; sourceTree = "<group>"; };
		684D63F31A1E3EEC00EC0170 /* open-active.png */ = {isa = PBXFileReference; lastKnownFileType = image.png; path = "open-active.png"; sourceTree = "<group>"; };
		684D63F41A1E3EEC00EC0170 /* open-active@2x.png */ = {isa = PBXFileReference; lastKnownFileType = image.png; path = "open-active@2x.png"; sourceTree = "<group>"; };
		684D63F51A1E3EEC00EC0170 /* open.png */ = {isa = PBXFileReference; lastKnownFileType = image.png; path = open.png; sourceTree = "<group>"; };
		684D63F61A1E3EEC00EC0170 /* open@2x.png */ = {isa = PBXFileReference; lastKnownFileType = image.png; path = "open@2x.png"; sourceTree = "<group>"; };
		684D63FB1A1E424B00EC0170 /* splash.png */ = {isa = PBXFileReference; lastKnownFileType = image.png; path = splash.png; sourceTree = "<group>"; };
		684D63FC1A1E424B00EC0170 /* splash@2x.png */ = {isa = PBXFileReference; lastKnownFileType = image.png; path = "splash@2x.png"; sourceTree = "<group>"; };
		684D63FF1A1E42D100EC0170 /* icon.png */ = {isa = PBXFileReference; lastKnownFileType = image.png; path = icon.png; sourceTree = "<group>"; };
		684D64001A1E42D100EC0170 /* icon@2x.png */ = {isa = PBXFileReference; lastKnownFileType = image.png; path = "icon@2x.png"; sourceTree = "<group>"; };
		684D64011A1E42D100EC0170 /* icon@3x.png */ = {isa = PBXFileReference; lastKnownFileType = image.png; path = "icon@3x.png"; sourceTree = "<group>"; };
		686451241A1A3B9B007F5DD1 /* Doorbell.app */ = {isa = PBXFileReference; explicitFileType = wrapper.application; includeInIndex = 0; path = Doorbell.app; sourceTree = BUILT_PRODUCTS_DIR; };
		686451281A1A3B9B007F5DD1 /* Info.plist */ = {isa = PBXFileReference; lastKnownFileType = text.plist.xml; path = Info.plist; sourceTree = "<group>"; };
		686451291A1A3B9B007F5DD1 /* AppDelegate.swift */ = {isa = PBXFileReference; lastKnownFileType = sourcecode.swift; path = AppDelegate.swift; sourceTree = "<group>"; };
		6864512B1A1A3B9B007F5DD1 /* ViewController.swift */ = {isa = PBXFileReference; lastKnownFileType = sourcecode.swift; path = ViewController.swift; sourceTree = "<group>"; };
		6864512E1A1A3B9B007F5DD1 /* Base */ = {isa = PBXFileReference; lastKnownFileType = file.storyboard; name = Base; path = Base.lproj/Main.storyboard; sourceTree = "<group>"; };
		686451301A1A3B9B007F5DD1 /* Images.xcassets */ = {isa = PBXFileReference; lastKnownFileType = folder.assetcatalog; path = Images.xcassets; sourceTree = "<group>"; };
		686451331A1A3B9B007F5DD1 /* Base */ = {isa = PBXFileReference; lastKnownFileType = file.xib; name = Base; path = Base.lproj/LaunchScreen.xib; sourceTree = "<group>"; };
		686451391A1A3B9B007F5DD1 /* DoorbellTests.xctest */ = {isa = PBXFileReference; explicitFileType = wrapper.cfbundle; includeInIndex = 0; path = DoorbellTests.xctest; sourceTree = BUILT_PRODUCTS_DIR; };
		6864513E1A1A3B9B007F5DD1 /* Info.plist */ = {isa = PBXFileReference; lastKnownFileType = text.plist.xml; path = Info.plist; sourceTree = "<group>"; };
		6864513F1A1A3B9B007F5DD1 /* DoorbellTests.swift */ = {isa = PBXFileReference; lastKnownFileType = sourcecode.swift; path = DoorbellTests.swift; sourceTree = "<group>"; };
		6864514F1A1A3C96007F5DD1 /* NotificationCenter.framework */ = {isa = PBXFileReference; lastKnownFileType = wrapper.framework; name = NotificationCenter.framework; path = System/Library/Frameworks/NotificationCenter.framework; sourceTree = SDKROOT; };
		686451891A1A4CAE007F5DD1 /* DoorbellRequest.swift */ = {isa = PBXFileReference; fileEncoding = 4; lastKnownFileType = sourcecode.swift; path = DoorbellRequest.swift; sourceTree = "<group>"; };
		6899053B1A1E305A00133BC6 /* background.jpg */ = {isa = PBXFileReference; lastKnownFileType = image.jpeg; path = background.jpg; sourceTree = "<group>"; };
		68ED0F341A1D0C9000246A9E /* Alamofire.xcodeproj */ = {isa = PBXFileReference; lastKnownFileType = "wrapper.pb-project"; name = Alamofire.xcodeproj; path = Alamofire/Alamofire.xcodeproj; sourceTree = "<group>"; };
/* End PBXFileReference section */

/* Begin PBXFrameworksBuildPhase section */
		3BEB89B01AF7A6130057FE64 /* Frameworks */ = {
			isa = PBXFrameworksBuildPhase;
			buildActionMask = 2147483647;
			files = (
				3BEB89B41AF7A6130057FE64 /* NotificationCenter.framework in Frameworks */,
			);
			runOnlyForDeploymentPostprocessing = 0;
		};
		3BEB89C41AF7A8790057FE64 /* Frameworks */ = {
			isa = PBXFrameworksBuildPhase;
			buildActionMask = 2147483647;
			files = (
			);
			runOnlyForDeploymentPostprocessing = 0;
		};
		686451211A1A3B9B007F5DD1 /* Frameworks */ = {
			isa = PBXFrameworksBuildPhase;
			buildActionMask = 2147483647;
			files = (
			);
			runOnlyForDeploymentPostprocessing = 0;
		};
		686451361A1A3B9B007F5DD1 /* Frameworks */ = {
			isa = PBXFrameworksBuildPhase;
			buildActionMask = 2147483647;
			files = (
			);
			runOnlyForDeploymentPostprocessing = 0;
		};
/* End PBXFrameworksBuildPhase section */

/* Begin PBXGroup section */
		3BEB89B51AF7A6130057FE64 /* DoorbellExt */ = {
			isa = PBXGroup;
			children = (
				3BEB89B81AF7A6130057FE64 /* TodayViewController.swift */,
				3BEB89BA1AF7A6130057FE64 /* MainInterface.storyboard */,
				3BEB89B61AF7A6130057FE64 /* Supporting Files */,
			);
			path = DoorbellExt;
			sourceTree = "<group>";
		};
		3BEB89B61AF7A6130057FE64 /* Supporting Files */ = {
			isa = PBXGroup;
			children = (
				3BEB89B71AF7A6130057FE64 /* Info.plist */,
			);
			name = "Supporting Files";
			sourceTree = "<group>";
		};
		3BEB89C81AF7A8790057FE64 /* Doorbell WatchKit Extension */ = {
			isa = PBXGroup;
			children = (
				3BEB89CB1AF7A8790057FE64 /* InterfaceController.swift */,
				3BEB89CD1AF7A8790057FE64 /* GlanceController.swift */,
				3BEB89CF1AF7A8790057FE64 /* Images.xcassets */,
				3BEB89C91AF7A8790057FE64 /* Supporting Files */,
			);
			path = "Doorbell WatchKit Extension";
			sourceTree = "<group>";
		};
		3BEB89C91AF7A8790057FE64 /* Supporting Files */ = {
			isa = PBXGroup;
			children = (
				3BEB89CA1AF7A8790057FE64 /* Info.plist */,
			);
			name = "Supporting Files";
			sourceTree = "<group>";
		};
		3BEB89D71AF7A8790057FE64 /* Doorbell WatchKit App */ = {
			isa = PBXGroup;
			children = (
				3BEB89DA1AF7A8790057FE64 /* Interface.storyboard */,
				3BEB89DD1AF7A87A0057FE64 /* Images.xcassets */,
				3BEB89D81AF7A8790057FE64 /* Supporting Files */,
			);
			path = "Doorbell WatchKit App";
			sourceTree = "<group>";
		};
		3BEB89D81AF7A8790057FE64 /* Supporting Files */ = {
			isa = PBXGroup;
			children = (
				3BEB89D91AF7A8790057FE64 /* Info.plist */,
			);
			name = "Supporting Files";
			sourceTree = "<group>";
		};
		6864511B1A1A3B9B007F5DD1 = {
			isa = PBXGroup;
			children = (
				68ED0F341A1D0C9000246A9E /* Alamofire.xcodeproj */,
				686451261A1A3B9B007F5DD1 /* Doorbell */,
				6864513C1A1A3B9B007F5DD1 /* DoorbellTests */,
				3BEB89B51AF7A6130057FE64 /* DoorbellExt */,
				3BEB89C81AF7A8790057FE64 /* Doorbell WatchKit Extension */,
				3BEB89D71AF7A8790057FE64 /* Doorbell WatchKit App */,
				6864514E1A1A3C96007F5DD1 /* Frameworks */,
				686451251A1A3B9B007F5DD1 /* Products */,
			);
			sourceTree = "<group>";
		};
		686451251A1A3B9B007F5DD1 /* Products */ = {
			isa = PBXGroup;
			children = (
				686451241A1A3B9B007F5DD1 /* Doorbell.app */,
				686451391A1A3B9B007F5DD1 /* DoorbellTests.xctest */,
				3BEB89B31AF7A6130057FE64 /* DoorbellExt.appex */,
				3BEB89C71AF7A8790057FE64 /* Doorbell WatchKit Extension.appex */,
				3BEB89D31AF7A8790057FE64 /* Doorbell WatchKit App.app */,
			);
			name = Products;
			sourceTree = "<group>";
		};
		686451261A1A3B9B007F5DD1 /* Doorbell */ = {
			isa = PBXGroup;
			children = (
				686451891A1A4CAE007F5DD1 /* DoorbellRequest.swift */,
				686451291A1A3B9B007F5DD1 /* AppDelegate.swift */,
				6864512B1A1A3B9B007F5DD1 /* ViewController.swift */,
				3B2CD5DD1AF78C87001E446B /* settings.plist */,
				6899053B1A1E305A00133BC6 /* background.jpg */,
				6864512D1A1A3B9B007F5DD1 /* Main.storyboard */,
				686451301A1A3B9B007F5DD1 /* Images.xcassets */,
				686451321A1A3B9B007F5DD1 /* LaunchScreen.xib */,
				684D63F31A1E3EEC00EC0170 /* open-active.png */,
				684D63F41A1E3EEC00EC0170 /* open-active@2x.png */,
				684D63F51A1E3EEC00EC0170 /* open.png */,
				684D63F61A1E3EEC00EC0170 /* open@2x.png */,
				684D63FB1A1E424B00EC0170 /* splash.png */,
				684D63FC1A1E424B00EC0170 /* splash@2x.png */,
				684D63FF1A1E42D100EC0170 /* icon.png */,
				684D64001A1E42D100EC0170 /* icon@2x.png */,
				684D64011A1E42D100EC0170 /* icon@3x.png */,
				686451271A1A3B9B007F5DD1 /* Supporting Files */,
			);
			path = Doorbell;
			sourceTree = "<group>";
		};
		686451271A1A3B9B007F5DD1 /* Supporting Files */ = {
			isa = PBXGroup;
			children = (
				686451281A1A3B9B007F5DD1 /* Info.plist */,
			);
			name = "Supporting Files";
			sourceTree = "<group>";
		};
		6864513C1A1A3B9B007F5DD1 /* DoorbellTests */ = {
			isa = PBXGroup;
			children = (
				6864513F1A1A3B9B007F5DD1 /* DoorbellTests.swift */,
				6864513D1A1A3B9B007F5DD1 /* Supporting Files */,
			);
			path = DoorbellTests;
			sourceTree = "<group>";
		};
		6864513D1A1A3B9B007F5DD1 /* Supporting Files */ = {
			isa = PBXGroup;
			children = (
				6864513E1A1A3B9B007F5DD1 /* Info.plist */,
			);
			name = "Supporting Files";
			sourceTree = "<group>";
		};
		6864514E1A1A3C96007F5DD1 /* Frameworks */ = {
			isa = PBXGroup;
			children = (
				6864514F1A1A3C96007F5DD1 /* NotificationCenter.framework */,
			);
			name = Frameworks;
			sourceTree = "<group>";
		};
		68ED0F351A1D0C9000246A9E /* Products */ = {
			isa = PBXGroup;
			children = (
				68ED0F3A1A1D0C9100246A9E /* Alamofire.framework */,
				3B2CD5E31AF78C88001E446B /* Alamofire.framework */,
				68ED0F3C1A1D0C9100246A9E /* Alamofire iOS Tests.xctest */,
				3B2CD5E51AF78C88001E446B /* Alamofire OSX Tests.xctest */,
			);
			name = Products;
			sourceTree = "<group>";
		};
/* End PBXGroup section */

/* Begin PBXNativeTarget section */
		3BEB89B21AF7A6130057FE64 /* DoorbellExt */ = {
			isa = PBXNativeTarget;
			buildConfigurationList = 3BEB89BF1AF7A6130057FE64 /* Build configuration list for PBXNativeTarget "DoorbellExt" */;
			buildPhases = (
				3BEB89AF1AF7A6130057FE64 /* Sources */,
				3BEB89B01AF7A6130057FE64 /* Frameworks */,
				3BEB89B11AF7A6130057FE64 /* Resources */,
			);
			buildRules = (
			);
			dependencies = (
			);
			name = DoorbellExt;
			productName = DoorbellExt;
			productReference = 3BEB89B31AF7A6130057FE64 /* DoorbellExt.appex */;
			productType = "com.apple.product-type.app-extension";
		};
		3BEB89C61AF7A8790057FE64 /* Doorbell WatchKit Extension */ = {
			isa = PBXNativeTarget;
			buildConfigurationList = 3BEB89E51AF7A87A0057FE64 /* Build configuration list for PBXNativeTarget "Doorbell WatchKit Extension" */;
			buildPhases = (
				3BEB89C31AF7A8790057FE64 /* Sources */,
				3BEB89C41AF7A8790057FE64 /* Frameworks */,
				3BEB89C51AF7A8790057FE64 /* Resources */,
			);
			buildRules = (
			);
			dependencies = (
				3BEB89D61AF7A8790057FE64 /* PBXTargetDependency */,
			);
			name = "Doorbell WatchKit Extension";
			productName = "Doorbell WatchKit Extension";
			productReference = 3BEB89C71AF7A8790057FE64 /* Doorbell WatchKit Extension.appex */;
			productType = "com.apple.product-type.watchkit-extension";
		};
		3BEB89D21AF7A8790057FE64 /* Doorbell WatchKit App */ = {
			isa = PBXNativeTarget;
			buildConfigurationList = 3BEB89E21AF7A87A0057FE64 /* Build configuration list for PBXNativeTarget "Doorbell WatchKit App" */;
			buildPhases = (
				3BEB89D11AF7A8790057FE64 /* Resources */,
			);
			buildRules = (
			);
			dependencies = (
			);
			name = "Doorbell WatchKit App";
			productName = "Doorbell WatchKit App";
			productReference = 3BEB89D31AF7A8790057FE64 /* Doorbell WatchKit App.app */;
			productType = "com.apple.product-type.application.watchapp";
		};
		686451231A1A3B9B007F5DD1 /* Doorbell */ = {
			isa = PBXNativeTarget;
			buildConfigurationList = 686451431A1A3B9B007F5DD1 /* Build configuration list for PBXNativeTarget "Doorbell" */;
			buildPhases = (
				686451201A1A3B9B007F5DD1 /* Sources */,
				686451211A1A3B9B007F5DD1 /* Frameworks */,
				686451221A1A3B9B007F5DD1 /* Resources */,
				6864515E1A1A3C97007F5DD1 /* Embed App Extensions */,
				68ED0F3F1A1D0CBD00246A9E /* Copy Frameworks */,
			);
			buildRules = (
			);
			dependencies = (
				68ED0F3E1A1D0C9800246A9E /* PBXTargetDependency */,
				3BEB89BD1AF7A6130057FE64 /* PBXTargetDependency */,
				3BEB89E01AF7A87A0057FE64 /* PBXTargetDependency */,
			);
			name = Doorbell;
			productName = Doorbell;
			productReference = 686451241A1A3B9B007F5DD1 /* Doorbell.app */;
			productType = "com.apple.product-type.application";
		};
		686451381A1A3B9B007F5DD1 /* DoorbellTests */ = {
			isa = PBXNativeTarget;
			buildConfigurationList = 686451461A1A3B9B007F5DD1 /* Build configuration list for PBXNativeTarget "DoorbellTests" */;
			buildPhases = (
				686451351A1A3B9B007F5DD1 /* Sources */,
				686451361A1A3B9B007F5DD1 /* Frameworks */,
				686451371A1A3B9B007F5DD1 /* Resources */,
			);
			buildRules = (
			);
			dependencies = (
				6864513B1A1A3B9B007F5DD1 /* PBXTargetDependency */,
			);
			name = DoorbellTests;
			productName = DoorbellTests;
			productReference = 686451391A1A3B9B007F5DD1 /* DoorbellTests.xctest */;
			productType = "com.apple.product-type.bundle.unit-test";
		};
/* End PBXNativeTarget section */

/* Begin PBXProject section */
		6864511C1A1A3B9B007F5DD1 /* Project object */ = {
			isa = PBXProject;
			attributes = {
				LastUpgradeCheck = 0610;
				ORGANIZATIONNAME = "Lost My Name";
				TargetAttributes = {
					3BEB89B21AF7A6130057FE64 = {
						CreatedOnToolsVersion = 6.3.1;
						DevelopmentTeam = ELJ895ZVBY;
					};
					3BEB89C61AF7A8790057FE64 = {
						CreatedOnToolsVersion = 6.3.1;
						DevelopmentTeam = ELJ895ZVBY;
					};
					3BEB89D21AF7A8790057FE64 = {
						CreatedOnToolsVersion = 6.3.1;
						DevelopmentTeam = ELJ895ZVBY;
					};
					686451231A1A3B9B007F5DD1 = {
						CreatedOnToolsVersion = 6.1;
						DevelopmentTeam = ELJ895ZVBY;
					};
					686451381A1A3B9B007F5DD1 = {
						CreatedOnToolsVersion = 6.1;
						TestTargetID = 686451231A1A3B9B007F5DD1;
					};
				};
			};
			buildConfigurationList = 6864511F1A1A3B9B007F5DD1 /* Build configuration list for PBXProject "Doorbell" */;
			compatibilityVersion = "Xcode 3.2";
			developmentRegion = English;
			hasScannedForEncodings = 0;
			knownRegions = (
				en,
				Base,
			);
			mainGroup = 6864511B1A1A3B9B007F5DD1;
			productRefGroup = 686451251A1A3B9B007F5DD1 /* Products */;
			projectDirPath = "";
			projectReferences = (
				{
					ProductGroup = 68ED0F351A1D0C9000246A9E /* Products */;
					ProjectRef = 68ED0F341A1D0C9000246A9E /* Alamofire.xcodeproj */;
				},
			);
			projectRoot = "";
			targets = (
				686451231A1A3B9B007F5DD1 /* Doorbell */,
				686451381A1A3B9B007F5DD1 /* DoorbellTests */,
				3BEB89B21AF7A6130057FE64 /* DoorbellExt */,
				3BEB89C61AF7A8790057FE64 /* Doorbell WatchKit Extension */,
				3BEB89D21AF7A8790057FE64 /* Doorbell WatchKit App */,
			);
		};
/* End PBXProject section */

/* Begin PBXReferenceProxy section */
		3B2CD5E31AF78C88001E446B /* Alamofire.framework */ = {
			isa = PBXReferenceProxy;
			fileType = wrapper.framework;
			path = Alamofire.framework;
			remoteRef = 3B2CD5E21AF78C88001E446B /* PBXContainerItemProxy */;
			sourceTree = BUILT_PRODUCTS_DIR;
		};
		3B2CD5E51AF78C88001E446B /* Alamofire OSX Tests.xctest */ = {
			isa = PBXReferenceProxy;
			fileType = wrapper.cfbundle;
			path = "Alamofire OSX Tests.xctest";
			remoteRef = 3B2CD5E41AF78C88001E446B /* PBXContainerItemProxy */;
			sourceTree = BUILT_PRODUCTS_DIR;
		};
		68ED0F3A1A1D0C9100246A9E /* Alamofire.framework */ = {
			isa = PBXReferenceProxy;
			fileType = wrapper.framework;
			path = Alamofire.framework;
			remoteRef = 68ED0F391A1D0C9100246A9E /* PBXContainerItemProxy */;
			sourceTree = BUILT_PRODUCTS_DIR;
		};
		68ED0F3C1A1D0C9100246A9E /* Alamofire iOS Tests.xctest */ = {
			isa = PBXReferenceProxy;
			fileType = wrapper.cfbundle;
			path = "Alamofire iOS Tests.xctest";
			remoteRef = 68ED0F3B1A1D0C9100246A9E /* PBXContainerItemProxy */;
			sourceTree = BUILT_PRODUCTS_DIR;
		};
/* End PBXReferenceProxy section */

/* Begin PBXResourcesBuildPhase section */
		3BEB89B11AF7A6130057FE64 /* Resources */ = {
			isa = PBXResourcesBuildPhase;
			buildActionMask = 2147483647;
			files = (
				3BEB89BB1AF7A6130057FE64 /* MainInterface.storyboard in Resources */,
			);
			runOnlyForDeploymentPostprocessing = 0;
		};
		3BEB89C51AF7A8790057FE64 /* Resources */ = {
			isa = PBXResourcesBuildPhase;
			buildActionMask = 2147483647;
			files = (
				3BEB89D01AF7A8790057FE64 /* Images.xcassets in Resources */,
				3BEB89D41AF7A8790057FE64 /* Doorbell WatchKit App.app in Resources */,
			);
			runOnlyForDeploymentPostprocessing = 0;
		};
		3BEB89D11AF7A8790057FE64 /* Resources */ = {
			isa = PBXResourcesBuildPhase;
			buildActionMask = 2147483647;
			files = (
				3BEB89DC1AF7A8790057FE64 /* Interface.storyboard in Resources */,
				3BEB89DE1AF7A87A0057FE64 /* Images.xcassets in Resources */,
			);
			runOnlyForDeploymentPostprocessing = 0;
		};
		686451221A1A3B9B007F5DD1 /* Resources */ = {
			isa = PBXResourcesBuildPhase;
			buildActionMask = 2147483647;
			files = (
				6864512F1A1A3B9B007F5DD1 /* Main.storyboard in Resources */,
				6899053C1A1E305A00133BC6 /* background.jpg in Resources */,
				684D63FA1A1E3EEC00EC0170 /* open@2x.png in Resources */,
				686451341A1A3B9B007F5DD1 /* LaunchScreen.xib in Resources */,
				684D63F71A1E3EEC00EC0170 /* open-active.png in Resources */,
				3B2CD5DE1AF78C87001E446B /* settings.plist in Resources */,
				684D64031A1E42D100EC0170 /* icon@2x.png in Resources */,
				684D63FE1A1E424B00EC0170 /* splash@2x.png in Resources */,
				684D64021A1E42D100EC0170 /* icon.png in Resources */,
				684D64041A1E42D200EC0170 /* icon@3x.png in Resources */,
				684D63F81A1E3EEC00EC0170 /* open-active@2x.png in Resources */,
				686451311A1A3B9B007F5DD1 /* Images.xcassets in Resources */,
				684D63FD1A1E424B00EC0170 /* splash.png in Resources */,
				684D63F91A1E3EEC00EC0170 /* open.png in Resources */,
			);
			runOnlyForDeploymentPostprocessing = 0;
		};
		686451371A1A3B9B007F5DD1 /* Resources */ = {
			isa = PBXResourcesBuildPhase;
			buildActionMask = 2147483647;
			files = (
			);
			runOnlyForDeploymentPostprocessing = 0;
		};
/* End PBXResourcesBuildPhase section */

/* Begin PBXSourcesBuildPhase section */
		3BEB89AF1AF7A6130057FE64 /* Sources */ = {
			isa = PBXSourcesBuildPhase;
			buildActionMask = 2147483647;
			files = (
				3BEB89C21AF7A6830057FE64 /* DoorbellRequest.swift in Sources */,
				3BEB89B91AF7A6130057FE64 /* TodayViewController.swift in Sources */,
			);
			runOnlyForDeploymentPostprocessing = 0;
		};
		3BEB89C31AF7A8790057FE64 /* Sources */ = {
			isa = PBXSourcesBuildPhase;
			buildActionMask = 2147483647;
			files = (
				3BEB89EA1AF7BB540057FE64 /* DoorbellRequest.swift in Sources */,
				3BEB89CC1AF7A8790057FE64 /* InterfaceController.swift in Sources */,
				3BEB89CE1AF7A8790057FE64 /* GlanceController.swift in Sources */,
			);
			runOnlyForDeploymentPostprocessing = 0;
		};
		686451201A1A3B9B007F5DD1 /* Sources */ = {
			isa = PBXSourcesBuildPhase;
			buildActionMask = 2147483647;
			files = (
				6864518C1A1A4CAE007F5DD1 /* DoorbellRequest.swift in Sources */,
				6864512C1A1A3B9B007F5DD1 /* ViewController.swift in Sources */,
				6864512A1A1A3B9B007F5DD1 /* AppDelegate.swift in Sources */,
			);
			runOnlyForDeploymentPostprocessing = 0;
		};
		686451351A1A3B9B007F5DD1 /* Sources */ = {
			isa = PBXSourcesBuildPhase;
			buildActionMask = 2147483647;
			files = (
				686451401A1A3B9B007F5DD1 /* DoorbellTests.swift in Sources */,
			);
			runOnlyForDeploymentPostprocessing = 0;
		};
/* End PBXSourcesBuildPhase section */

/* Begin PBXTargetDependency section */
		3BEB89BD1AF7A6130057FE64 /* PBXTargetDependency */ = {
			isa = PBXTargetDependency;
			target = 3BEB89B21AF7A6130057FE64 /* DoorbellExt */;
			targetProxy = 3BEB89BC1AF7A6130057FE64 /* PBXContainerItemProxy */;
		};
		3BEB89D61AF7A8790057FE64 /* PBXTargetDependency */ = {
			isa = PBXTargetDependency;
			target = 3BEB89D21AF7A8790057FE64 /* Doorbell WatchKit App */;
			targetProxy = 3BEB89D51AF7A8790057FE64 /* PBXContainerItemProxy */;
		};
		3BEB89E01AF7A87A0057FE64 /* PBXTargetDependency */ = {
			isa = PBXTargetDependency;
			target = 3BEB89C61AF7A8790057FE64 /* Doorbell WatchKit Extension */;
			targetProxy = 3BEB89DF1AF7A87A0057FE64 /* PBXContainerItemProxy */;
		};
		6864513B1A1A3B9B007F5DD1 /* PBXTargetDependency */ = {
			isa = PBXTargetDependency;
			target = 686451231A1A3B9B007F5DD1 /* Doorbell */;
			targetProxy = 6864513A1A1A3B9B007F5DD1 /* PBXContainerItemProxy */;
		};
		68ED0F3E1A1D0C9800246A9E /* PBXTargetDependency */ = {
			isa = PBXTargetDependency;
			name = Alamofire;
			targetProxy = 68ED0F3D1A1D0C9800246A9E /* PBXContainerItemProxy */;
		};
/* End PBXTargetDependency section */

/* Begin PBXVariantGroup section */
		3BEB89DA1AF7A8790057FE64 /* Interface.storyboard */ = {
			isa = PBXVariantGroup;
			children = (
				3BEB89DB1AF7A8790057FE64 /* Base */,
			);
			name = Interface.storyboard;
			sourceTree = "<group>";
		};
		6864512D1A1A3B9B007F5DD1 /* Main.storyboard */ = {
			isa = PBXVariantGroup;
			children = (
				6864512E1A1A3B9B007F5DD1 /* Base */,
			);
			name = Main.storyboard;
			sourceTree = "<group>";
		};
		686451321A1A3B9B007F5DD1 /* LaunchScreen.xib */ = {
			isa = PBXVariantGroup;
			children = (
				686451331A1A3B9B007F5DD1 /* Base */,
			);
			name = LaunchScreen.xib;
			sourceTree = "<group>";
		};
/* End PBXVariantGroup section */

/* Begin XCBuildConfiguration section */
		3BEB89C01AF7A6130057FE64 /* Debug */ = {
			isa = XCBuildConfiguration;
			buildSettings = {
				CODE_SIGN_IDENTITY = "iPhone Developer";
				"CODE_SIGN_IDENTITY[sdk=iphoneos*]" = "iPhone Developer";
				DEBUG_INFORMATION_FORMAT = "dwarf-with-dsym";
				GCC_NO_COMMON_BLOCKS = YES;
				GCC_PREPROCESSOR_DEFINITIONS = (
					"DEBUG=1",
					"$(inherited)",
				);
				INFOPLIST_FILE = DoorbellExt/Info.plist;
				LD_RUNPATH_SEARCH_PATHS = "$(inherited) @executable_path/Frameworks @executable_path/../../Frameworks";
				PRODUCT_NAME = "$(TARGET_NAME)";
				SKIP_INSTALL = YES;
			};
			name = Debug;
		};
		3BEB89C11AF7A6130057FE64 /* Release */ = {
			isa = XCBuildConfiguration;
			buildSettings = {
				CODE_SIGN_IDENTITY = "iPhone Developer";
				"CODE_SIGN_IDENTITY[sdk=iphoneos*]" = "iPhone Developer";
				COPY_PHASE_STRIP = NO;
				DEBUG_INFORMATION_FORMAT = "dwarf-with-dsym";
				GCC_NO_COMMON_BLOCKS = YES;
				INFOPLIST_FILE = DoorbellExt/Info.plist;
				LD_RUNPATH_SEARCH_PATHS = "$(inherited) @executable_path/Frameworks @executable_path/../../Frameworks";
				PRODUCT_NAME = "$(TARGET_NAME)";
				SKIP_INSTALL = YES;
			};
			name = Release;
		};
		3BEB89E31AF7A87A0057FE64 /* Debug */ = {
			isa = XCBuildConfiguration;
			buildSettings = {
				ASSETCATALOG_COMPILER_APPICON_NAME = AppIcon;
				CODE_SIGN_IDENTITY = "iPhone Developer";
				"CODE_SIGN_IDENTITY[sdk=iphoneos*]" = "iPhone Developer";
				DEBUG_INFORMATION_FORMAT = "dwarf-with-dsym";
				GCC_NO_COMMON_BLOCKS = YES;
				GCC_PREPROCESSOR_DEFINITIONS = (
					"DEBUG=1",
					"$(inherited)",
				);
				IBSC_MODULE = Doorbell_WatchKit_Extension;
				INFOPLIST_FILE = "Doorbell WatchKit App/Info.plist";
				IPHONEOS_DEPLOYMENT_TARGET = 8.2;
				PRODUCT_NAME = "$(TARGET_NAME)";
				PROVISIONING_PROFILE = "";
				SKIP_INSTALL = YES;
				TARGETED_DEVICE_FAMILY = 4;
				"TARGETED_DEVICE_FAMILY[sdk=iphonesimulator*]" = "1,4";
			};
			name = Debug;
		};
		3BEB89E41AF7A87A0057FE64 /* Release */ = {
			isa = XCBuildConfiguration;
			buildSettings = {
				ASSETCATALOG_COMPILER_APPICON_NAME = AppIcon;
				CODE_SIGN_IDENTITY = "iPhone Developer";
				"CODE_SIGN_IDENTITY[sdk=iphoneos*]" = "iPhone Developer";
				COPY_PHASE_STRIP = NO;
				DEBUG_INFORMATION_FORMAT = "dwarf-with-dsym";
				GCC_NO_COMMON_BLOCKS = YES;
				IBSC_MODULE = Doorbell_WatchKit_Extension;
				INFOPLIST_FILE = "Doorbell WatchKit App/Info.plist";
				IPHONEOS_DEPLOYMENT_TARGET = 8.2;
				PRODUCT_NAME = "$(TARGET_NAME)";
				PROVISIONING_PROFILE = "";
				SKIP_INSTALL = YES;
				TARGETED_DEVICE_FAMILY = 4;
				"TARGETED_DEVICE_FAMILY[sdk=iphonesimulator*]" = "1,4";
			};
			name = Release;
		};
		3BEB89E61AF7A87A0057FE64 /* Debug */ = {
			isa = XCBuildConfiguration;
			buildSettings = {
				CODE_SIGN_IDENTITY = "iPhone Developer";
				"CODE_SIGN_IDENTITY[sdk=iphoneos*]" = "iPhone Developer";
				DEBUG_INFORMATION_FORMAT = "dwarf-with-dsym";
				GCC_NO_COMMON_BLOCKS = YES;
				GCC_PREPROCESSOR_DEFINITIONS = (
					"DEBUG=1",
					"$(inherited)",
				);
				INFOPLIST_FILE = "Doorbell WatchKit Extension/Info.plist";
				LD_RUNPATH_SEARCH_PATHS = "$(inherited) @executable_path/Frameworks @executable_path/../../Frameworks";
				PRODUCT_NAME = "${TARGET_NAME}";
				SKIP_INSTALL = YES;
			};
			name = Debug;
		};
		3BEB89E71AF7A87A0057FE64 /* Release */ = {
			isa = XCBuildConfiguration;
			buildSettings = {
				CODE_SIGN_IDENTITY = "iPhone Developer";
				"CODE_SIGN_IDENTITY[sdk=iphoneos*]" = "iPhone Developer";
				COPY_PHASE_STRIP = NO;
				DEBUG_INFORMATION_FORMAT = "dwarf-with-dsym";
				GCC_NO_COMMON_BLOCKS = YES;
				INFOPLIST_FILE = "Doorbell WatchKit Extension/Info.plist";
				LD_RUNPATH_SEARCH_PATHS = "$(inherited) @executable_path/Frameworks @executable_path/../../Frameworks";
				PRODUCT_NAME = "${TARGET_NAME}";
				SKIP_INSTALL = YES;
			};
			name = Release;
		};
		686451411A1A3B9B007F5DD1 /* Debug */ = {
			isa = XCBuildConfiguration;
			buildSettings = {
				ALWAYS_SEARCH_USER_PATHS = NO;
				CLANG_CXX_LANGUAGE_STANDARD = "gnu++0x";
				CLANG_CXX_LIBRARY = "libc++";
				CLANG_ENABLE_MODULES = YES;
				CLANG_ENABLE_OBJC_ARC = YES;
				CLANG_WARN_BOOL_CONVERSION = YES;
				CLANG_WARN_CONSTANT_CONVERSION = YES;
				CLANG_WARN_DIRECT_OBJC_ISA_USAGE = YES_ERROR;
				CLANG_WARN_EMPTY_BODY = YES;
				CLANG_WARN_ENUM_CONVERSION = YES;
				CLANG_WARN_INT_CONVERSION = YES;
				CLANG_WARN_OBJC_ROOT_CLASS = YES_ERROR;
				CLANG_WARN_UNREACHABLE_CODE = YES;
				CLANG_WARN__DUPLICATE_METHOD_MATCH = YES;
				"CODE_SIGN_IDENTITY[sdk=iphoneos*]" = "iPhone Developer";
				COPY_PHASE_STRIP = NO;
				ENABLE_STRICT_OBJC_MSGSEND = YES;
				GCC_C_LANGUAGE_STANDARD = gnu99;
				GCC_DYNAMIC_NO_PIC = NO;
				GCC_OPTIMIZATION_LEVEL = 0;
				GCC_PREPROCESSOR_DEFINITIONS = (
					"DEBUG=1",
					"$(inherited)",
				);
				GCC_SYMBOLS_PRIVATE_EXTERN = NO;
				GCC_WARN_64_TO_32_BIT_CONVERSION = YES;
				GCC_WARN_ABOUT_RETURN_TYPE = YES_ERROR;
				GCC_WARN_UNDECLARED_SELECTOR = YES;
				GCC_WARN_UNINITIALIZED_AUTOS = YES_AGGRESSIVE;
				GCC_WARN_UNUSED_FUNCTION = YES;
				GCC_WARN_UNUSED_VARIABLE = YES;
				IPHONEOS_DEPLOYMENT_TARGET = 8.3;
				MTL_ENABLE_DEBUG_INFO = YES;
				ONLY_ACTIVE_ARCH = YES;
				SDKROOT = iphoneos;
				SWIFT_OPTIMIZATION_LEVEL = "-Onone";
			};
			name = Debug;
		};
		686451421A1A3B9B007F5DD1 /* Release */ = {
			isa = XCBuildConfiguration;
			buildSettings = {
				ALWAYS_SEARCH_USER_PATHS = NO;
				CLANG_CXX_LANGUAGE_STANDARD = "gnu++0x";
				CLANG_CXX_LIBRARY = "libc++";
				CLANG_ENABLE_MODULES = YES;
				CLANG_ENABLE_OBJC_ARC = YES;
				CLANG_WARN_BOOL_CONVERSION = YES;
				CLANG_WARN_CONSTANT_CONVERSION = YES;
				CLANG_WARN_DIRECT_OBJC_ISA_USAGE = YES_ERROR;
				CLANG_WARN_EMPTY_BODY = YES;
				CLANG_WARN_ENUM_CONVERSION = YES;
				CLANG_WARN_INT_CONVERSION = YES;
				CLANG_WARN_OBJC_ROOT_CLASS = YES_ERROR;
				CLANG_WARN_UNREACHABLE_CODE = YES;
				CLANG_WARN__DUPLICATE_METHOD_MATCH = YES;
				"CODE_SIGN_IDENTITY[sdk=iphoneos*]" = "iPhone Developer";
				COPY_PHASE_STRIP = YES;
				ENABLE_NS_ASSERTIONS = NO;
				ENABLE_STRICT_OBJC_MSGSEND = YES;
				GCC_C_LANGUAGE_STANDARD = gnu99;
				GCC_WARN_64_TO_32_BIT_CONVERSION = YES;
				GCC_WARN_ABOUT_RETURN_TYPE = YES_ERROR;
				GCC_WARN_UNDECLARED_SELECTOR = YES;
				GCC_WARN_UNINITIALIZED_AUTOS = YES_AGGRESSIVE;
				GCC_WARN_UNUSED_FUNCTION = YES;
				GCC_WARN_UNUSED_VARIABLE = YES;
				IPHONEOS_DEPLOYMENT_TARGET = 8.3;
				MTL_ENABLE_DEBUG_INFO = NO;
				SDKROOT = iphoneos;
				VALIDATE_PRODUCT = YES;
			};
			name = Release;
		};
		686451441A1A3B9B007F5DD1 /* Debug */ = {
			isa = XCBuildConfiguration;
			buildSettings = {
				ASSETCATALOG_COMPILER_APPICON_NAME = AppIcon;
				CODE_SIGN_IDENTITY = "iPhone Developer";
				"CODE_SIGN_IDENTITY[sdk=iphoneos*]" = "iPhone Developer";
				EMBEDDED_CONTENT_CONTAINS_SWIFT = YES;
				INFOPLIST_FILE = Doorbell/Info.plist;
				LD_RUNPATH_SEARCH_PATHS = "$(inherited) @executable_path/Frameworks";
				PRODUCT_NAME = "$(TARGET_NAME)";
				PROVISIONING_PROFILE = "";
			};
			name = Debug;
		};
		686451451A1A3B9B007F5DD1 /* Release */ = {
			isa = XCBuildConfiguration;
			buildSettings = {
				ASSETCATALOG_COMPILER_APPICON_NAME = AppIcon;
				CODE_SIGN_IDENTITY = "iPhone Developer";
				"CODE_SIGN_IDENTITY[sdk=iphoneos*]" = "iPhone Developer";
				EMBEDDED_CONTENT_CONTAINS_SWIFT = YES;
				INFOPLIST_FILE = Doorbell/Info.plist;
				LD_RUNPATH_SEARCH_PATHS = "$(inherited) @executable_path/Frameworks";
				PRODUCT_NAME = "$(TARGET_NAME)";
				PROVISIONING_PROFILE = "";
			};
			name = Release;
		};
		686451471A1A3B9B007F5DD1 /* Debug */ = {
			isa = XCBuildConfiguration;
			buildSettings = {
				BUNDLE_LOADER = "$(TEST_HOST)";
				FRAMEWORK_SEARCH_PATHS = (
					"$(SDKROOT)/Developer/Library/Frameworks",
					"$(inherited)",
				);
				GCC_PREPROCESSOR_DEFINITIONS = (
					"DEBUG=1",
					"$(inherited)",
				);
				INFOPLIST_FILE = DoorbellTests/Info.plist;
				LD_RUNPATH_SEARCH_PATHS = "$(inherited) @executable_path/Frameworks @loader_path/Frameworks";
				PRODUCT_NAME = "$(TARGET_NAME)";
				TEST_HOST = "$(BUILT_PRODUCTS_DIR)/Doorbell.app/Doorbell";
			};
			name = Debug;
		};
		686451481A1A3B9B007F5DD1 /* Release */ = {
			isa = XCBuildConfiguration;
			buildSettings = {
				BUNDLE_LOADER = "$(TEST_HOST)";
				FRAMEWORK_SEARCH_PATHS = (
					"$(SDKROOT)/Developer/Library/Frameworks",
					"$(inherited)",
				);
				INFOPLIST_FILE = DoorbellTests/Info.plist;
				LD_RUNPATH_SEARCH_PATHS = "$(inherited) @executable_path/Frameworks @loader_path/Frameworks";
				PRODUCT_NAME = "$(TARGET_NAME)";
				TEST_HOST = "$(BUILT_PRODUCTS_DIR)/Doorbell.app/Doorbell";
			};
			name = Release;
		};
/* End XCBuildConfiguration section */

/* Begin XCConfigurationList section */
		3BEB89BF1AF7A6130057FE64 /* Build configuration list for PBXNativeTarget "DoorbellExt" */ = {
			isa = XCConfigurationList;
			buildConfigurations = (
				3BEB89C01AF7A6130057FE64 /* Debug */,
				3BEB89C11AF7A6130057FE64 /* Release */,
			);
			defaultConfigurationIsVisible = 0;
			defaultConfigurationName = Release;
		};
		3BEB89E21AF7A87A0057FE64 /* Build configuration list for PBXNativeTarget "Doorbell WatchKit App" */ = {
			isa = XCConfigurationList;
			buildConfigurations = (
				3BEB89E31AF7A87A0057FE64 /* Debug */,
				3BEB89E41AF7A87A0057FE64 /* Release */,
			);
			defaultConfigurationIsVisible = 0;
			defaultConfigurationName = Release;
		};
		3BEB89E51AF7A87A0057FE64 /* Build configuration list for PBXNativeTarget "Doorbell WatchKit Extension" */ = {
			isa = XCConfigurationList;
			buildConfigurations = (
				3BEB89E61AF7A87A0057FE64 /* Debug */,
				3BEB89E71AF7A87A0057FE64 /* Release */,
			);
			defaultConfigurationIsVisible = 0;
			defaultConfigurationName = Release;
		};
		6864511F1A1A3B9B007F5DD1 /* Build configuration list for PBXProject "Doorbell" */ = {
			isa = XCConfigurationList;
			buildConfigurations = (
				686451411A1A3B9B007F5DD1 /* Debug */,
				686451421A1A3B9B007F5DD1 /* Release */,
			);
			defaultConfigurationIsVisible = 0;
			defaultConfigurationName = Release;
		};
		686451431A1A3B9B007F5DD1 /* Build configuration list for PBXNativeTarget "Doorbell" */ = {
			isa = XCConfigurationList;
			buildConfigurations = (
				686451441A1A3B9B007F5DD1 /* Debug */,
				686451451A1A3B9B007F5DD1 /* Release */,
			);
			defaultConfigurationIsVisible = 0;
			defaultConfigurationName = Release;
		};
		686451461A1A3B9B007F5DD1 /* Build configuration list for PBXNativeTarget "DoorbellTests" */ = {
			isa = XCConfigurationList;
			buildConfigurations = (
				686451471A1A3B9B007F5DD1 /* Debug */,
				686451481A1A3B9B007F5DD1 /* Release */,
			);
			defaultConfigurationIsVisible = 0;
			defaultConfigurationName = Release;
		};
/* End XCConfigurationList section */
	};
	rootObject = 6864511C1A1A3B9B007F5DD1 /* Project object */;
}
